
Microsoft Visual Studio Solution File, Format Version 12.00
# Visual Studio 2013
VisualStudioVersion = 12.0.40629.0
MinimumVisualStudioVersion = 10.0.40219.1
Project("{FAE04EC0-301F-11D3-BF4B-00C04F79EFBC}") = "Compiler", "Compiler\Compiler.csproj", "{B0009DD7-3C2C-49BB-B4F8-89486506FBF3}"
EndProject
Project("{FAE04EC0-301F-11D3-BF4B-00C04F79EFBC}") = "DuckHunt2", "DuckHunt2\DuckHunt2.csproj", "{2198A471-DE94-426C-BD3E-70ED2113BD1D}"
EndProject
Project("{FAE04EC0-301F-11D3-BF4B-00C04F79EFBC}") = "DuckHunt", "DuckHunt\DuckHunt.csproj", "{F2D9A231-ACA3-4E09-ADFC-4527090F532F}"
EndProject
Global
	GlobalSection(SolutionConfigurationPlatforms) = preSolution
		Debug|Any CPU = Debug|Any CPU
		Release|Any CPU = Release|Any CPU
	EndGlobalSection
	GlobalSection(ProjectConfigurationPlatforms) = postSolution
		{B0009DD7-3C2C-49BB-B4F8-89486506FBF3}.Debug|Any CPU.ActiveCfg = Debug|Any CPU
		{B0009DD7-3C2C-49BB-B4F8-89486506FBF3}.Debug|Any CPU.Build.0 = Debug|Any CPU
		{B0009DD7-3C2C-49BB-B4F8-89486506FBF3}.Release|Any CPU.ActiveCfg = Release|Any CPU
		{B0009DD7-3C2C-49BB-B4F8-89486506FBF3}.Release|Any CPU.Build.0 = Release|Any CPU
		{2198A471-DE94-426C-BD3E-70ED2113BD1D}.Debug|Any CPU.ActiveCfg = Debug|Any CPU
		{2198A471-DE94-426C-BD3E-70ED2113BD1D}.Debug|Any CPU.Build.0 = Debug|Any CPU
		{2198A471-DE94-426C-BD3E-70ED2113BD1D}.Release|Any CPU.ActiveCfg = Release|Any CPU
		{2198A471-DE94-426C-BD3E-70ED2113BD1D}.Release|Any CPU.Build.0 = Release|Any CPU
		{F2D9A231-ACA3-4E09-ADFC-4527090F532F}.Debug|Any CPU.ActiveCfg = Debug|Any CPU
		{F2D9A231-ACA3-4E09-ADFC-4527090F532F}.Debug|Any CPU.Build.0 = Debug|Any CPU
		{F2D9A231-ACA3-4E09-ADFC-4527090F532F}.Release|Any CPU.ActiveCfg = Release|Any CPU
		{F2D9A231-ACA3-4E09-ADFC-4527090F532F}.Release|Any CPU.Build.0 = Release|Any CPU
	EndGlobalSection
	GlobalSection(SolutionProperties) = preSolution
		HideSolutionNode = FALSE
	EndGlobalSection
EndGlobal
