<?xml version="1.0" encoding="utf-8"?>
<Project ToolsVersion="4.0" xmlns="http://schemas.microsoft.com/developer/msbuild/2003">
  <ItemGroup>
    <Filter Include="Source Files">
      <UniqueIdentifier>{4FC737F1-C7A5-4376-A066-2A32D752A2FF}</UniqueIdentifier>
      <Extensions>cpp;c;cc;cxx;def;odl;idl;hpj;bat;asm;asmx</Extensions>
    </Filter>
    <Filter Include="Header Files">
      <UniqueIdentifier>{93995380-89BD-4b04-88EB-625FBE52EBFB}</UniqueIdentifier>
      <Extensions>h;hpp;hxx;hm;inl;inc;xsd</Extensions>
    </Filter>
    <Filter Include="Resource Files">
      <UniqueIdentifier>{67DA6AB6-F800-4c08-8B7A-83BB121AAD01}</UniqueIdentifier>
      <Extensions>rc;ico;cur;bmp;dlg;rc2;rct;bin;rgs;gif;jpg;jpeg;jpe;resx;tiff;tif;png;wav;mfcribbon-ms</Extensions>
    </Filter>
    <Filter Include="Header Files\CompileItem">
      <UniqueIdentifier>{c4ba2594-713e-406a-b397-95685615bbc7}</UniqueIdentifier>
    </Filter>
    <Filter Include="Source Files\CompileItem">
      <UniqueIdentifier>{9681dc1c-6ebf-42ee-8c05-9abd79a41d4b}</UniqueIdentifier>
    </Filter>
    <Filter Include="Header Files\Virtual Machine">
      <UniqueIdentifier>{2d5fa38d-2a27-4a6f-a865-b452244b6fb9}</UniqueIdentifier>
    </Filter>
    <Filter Include="Source Files\Virtual machine">
      <UniqueIdentifier>{97364e8d-836a-4305-bf8d-ee17cbb69657}</UniqueIdentifier>
    </Filter>
    <Filter Include="Header Files\Compiler">
      <UniqueIdentifier>{91575996-ccbe-4318-a61d-1998e9cb01d8}</UniqueIdentifier>
    </Filter>
    <Filter Include="Header Files\Tokenizer">
      <UniqueIdentifier>{4a269803-a585-483c-9585-fcbd90d6fe2b}</UniqueIdentifier>
    </Filter>
    <Filter Include="Source Files\Tokenizer">
      <UniqueIdentifier>{2a0e8456-411d-43d0-b847-8daf72acf4ef}</UniqueIdentifier>
    </Filter>
    <Filter Include="Source Files\Compiler">
      <UniqueIdentifier>{6a642c27-cec3-448b-8eaa-dae10f79b966}</UniqueIdentifier>
    </Filter>
  </ItemGroup>
  <ItemGroup>
    <ClCompile Include="testRValue.cpp">
      <Filter>Source Files</Filter>
    </ClCompile>
    <ClCompile Include="AbstractFunctionCall.cpp">
      <Filter>Source Files\CompileItem</Filter>
    </ClCompile>
    <ClCompile Include="Program.cpp">
      <Filter>Source Files\Virtual machine</Filter>
    </ClCompile>
    <ClCompile Include="DirectFunctionCall.cpp">
      <Filter>Source Files\CompileItem</Filter>
    </ClCompile>
    <ClCompile Include="FunctionCall.cpp">
      <Filter>Source Files\CompileItem</Filter>
    </ClCompile>
    <ClCompile Include="Token.cpp">
      <Filter>Source Files\Tokenizer</Filter>
    </ClCompile>
    <ClCompile Include="Compiler.cpp">
      <Filter>Source Files\Compiler</Filter>
    </ClCompile>
    <ClCompile Include="CompileOperator.cpp">
      <Filter>Source Files\Compiler</Filter>
    </ClCompile>
    <ClCompile Include="CompilePlusMinus.cpp">
      <Filter>Source Files\Compiler</Filter>
    </ClCompile>
    <ClCompile Include="CompileMultiply.cpp">
      <Filter>Source Files\Compiler</Filter>
    </ClCompile>
    <ClCompile Include="CompileCondition.cpp">
      <Filter>Source Files\Compiler</Filter>
    </ClCompile>
    <ClCompile Include="CompileSingleStatement.cpp">
      <Filter>Source Files\Compiler</Filter>
    </ClCompile>
    <ClCompile Include="DoNothing.cpp">
      <Filter>Source Files\CompileItem</Filter>
    </ClCompile>
  </ItemGroup>
  <ItemGroup>
    <ClInclude Include="Node.h">
      <Filter>Header Files\CompileItem</Filter>
    </ClInclude>
    <ClInclude Include="AbstractFunctionCall.h">
      <Filter>Header Files\CompileItem</Filter>
    </ClInclude>
    <ClInclude Include="Program.h">
      <Filter>Header Files\Virtual Machine</Filter>
    </ClInclude>
    <ClInclude Include="DirectFunctionCall.h">
      <Filter>Header Files\CompileItem</Filter>
    </ClInclude>
    <ClInclude Include="FunctionCall.h">
      <Filter>Header Files\CompileItem</Filter>
    </ClInclude>
    <ClInclude Include="Compiler.h">
      <Filter>Header Files\Compiler</Filter>
    </ClInclude>
    <ClInclude Include="Token.h">
      <Filter>Header Files\Tokenizer</Filter>
    </ClInclude>
    <ClInclude Include="CompileOperator.h">
      <Filter>Header Files\Compiler</Filter>
    </ClInclude>
    <ClInclude Include="CompilePlusMinus.h">
      <Filter>Header Files\Compiler</Filter>
    </ClInclude>
    <ClInclude Include="CompileMultiply.h">
      <Filter>Header Files\Compiler</Filter>
    </ClInclude>
    <ClInclude Include="CompileCondition.h">
      <Filter>Header Files\Compiler</Filter>
    </ClInclude>
    <ClInclude Include="CompileSingleStatement.h">
      <Filter>Header Files\Compiler</Filter>
    </ClInclude>
    <ClInclude Include="DoNothing.h">
      <Filter>Header Files\CompileItem</Filter>
    </ClInclude>
  </ItemGroup>
</Project>